
Microsoft Visual Studio Solution File, Format Version 12.00
# Visual Studio Version 17
VisualStudioVersion = 17.0.31919.166
MinimumVisualStudioVersion = 10.0.40219.1
Project("{8BC9CEB8-8B4A-11D0-8D11-00A0C91BC942}") = "Set6", "Set6\Set6.vcxproj", "{AACB3620-596B-4ECB-ADFE-50B147470EF9}"
EndProject
Global
	GlobalSection(SolutionConfigurationPlatforms) = preSolution
		Debug|x64 = Debug|x64
		Debug|x86 = Debug|x86
		Release|x64 = Release|x64
		Release|x86 = Release|x86
	EndGlobalSection
	GlobalSection(ProjectConfigurationPlatforms) = postSolution
		{AACB3620-596B-4ECB-ADFE-50B147470EF9}.Debug|x64.ActiveCfg = Debug|x64
		{AACB3620-596B-4ECB-ADFE-50B147470EF9}.Debug|x64.Build.0 = Debug|x64
		{AACB3620-596B-4ECB-ADFE-50B147470EF9}.Debug|x86.ActiveCfg = Debug|Win32
		{AACB3620-596B-4ECB-ADFE-50B147470EF9}.Debug|x86.Build.0 = Debug|Win32
		{AACB3620-596B-4ECB-ADFE-50B147470EF9}.Release|x64.ActiveCfg = Release|x64
		{AACB3620-596B-4ECB-ADFE-50B147470EF9}.Release|x64.Build.0 = Release|x64
		{AACB3620-596B-4ECB-ADFE-50B147470EF9}.Release|x86.ActiveCfg = Release|Win32
		{AACB3620-596B-4ECB-ADFE-50B147470EF9}.Release|x86.Build.0 = Release|Win32
	EndGlobalSection
	GlobalSection(SolutionProperties) = preSolution
		HideSolutionNode = FALSE
	EndGlobalSection
	GlobalSection(ExtensibilityGlobals) = postSolution
		SolutionGuid = {899108F9-120F-4A6F-B2E1-B332E4F7A1EA}
	EndGlobalSection
EndGlobal
